
Microsoft Visual Studio Solution File, Format Version 12.00
# Visual Studio 14
VisualStudioVersion = 14.0.25420.1
MinimumVisualStudioVersion = 10.0.40219.1
Project("{FAE04EC0-301F-11D3-BF4B-00C04F79EFBC}") = "Zahlenvergleich", "Zahlenvergleich\Zahlenvergleich.csproj", "{442F042B-E4E7-400A-8324-8DF791AF38FD}"
EndProject
Project("{FAE04EC0-301F-11D3-BF4B-00C04F79EFBC}") = "NUnit", "NUnit\NUnit.csproj", "{CF60E7B2-89FD-43E5-B932-28A2DE020499}"
EndProject
Global
	GlobalSection(SolutionConfigurationPlatforms) = preSolution
		Debug|Any CPU = Debug|Any CPU
		Release|Any CPU = Release|Any CPU
	EndGlobalSection
	GlobalSection(ProjectConfigurationPlatforms) = postSolution
		{442F042B-E4E7-400A-8324-8DF791AF38FD}.Debug|Any CPU.ActiveCfg = Debug|Any CPU
		{442F042B-E4E7-400A-8324-8DF791AF38FD}.Debug|Any CPU.Build.0 = Debug|Any CPU
		{442F042B-E4E7-400A-8324-8DF791AF38FD}.Release|Any CPU.ActiveCfg = Release|Any CPU
		{442F042B-E4E7-400A-8324-8DF791AF38FD}.Release|Any CPU.Build.0 = Release|Any CPU
		{CF60E7B2-89FD-43E5-B932-28A2DE020499}.Debug|Any CPU.ActiveCfg = Debug|Any CPU
		{CF60E7B2-89FD-43E5-B932-28A2DE020499}.Debug|Any CPU.Build.0 = Debug|Any CPU
		{CF60E7B2-89FD-43E5-B932-28A2DE020499}.Release|Any CPU.ActiveCfg = Release|Any CPU
		{CF60E7B2-89FD-43E5-B932-28A2DE020499}.Release|Any CPU.Build.0 = Release|Any CPU
	EndGlobalSection
	GlobalSection(SolutionProperties) = preSolution
		HideSolutionNode = FALSE
	EndGlobalSection
EndGlobal
