
Microsoft Visual Studio Solution File, Format Version 12.00
# Visual Studio 14
VisualStudioVersion = 14.0.25420.1
MinimumVisualStudioVersion = 10.0.40219.1
Project("{FAE04EC0-301F-11D3-BF4B-00C04F79EFBC}") = "GefälltMir", "GefälltMir\GefälltMir.csproj", "{00589139-75CD-4593-A65E-C19D4EE31F3C}"
EndProject
Project("{FAE04EC0-301F-11D3-BF4B-00C04F79EFBC}") = "NUnit", "NUnit\NUnit.csproj", "{6B215CE7-21B7-494B-AF3D-2A43B9F1CCD3}"
EndProject
Global
	GlobalSection(SolutionConfigurationPlatforms) = preSolution
		Debug|Any CPU = Debug|Any CPU
		Release|Any CPU = Release|Any CPU
	EndGlobalSection
	GlobalSection(ProjectConfigurationPlatforms) = postSolution
		{00589139-75CD-4593-A65E-C19D4EE31F3C}.Debug|Any CPU.ActiveCfg = Debug|Any CPU
		{00589139-75CD-4593-A65E-C19D4EE31F3C}.Debug|Any CPU.Build.0 = Debug|Any CPU
		{00589139-75CD-4593-A65E-C19D4EE31F3C}.Release|Any CPU.ActiveCfg = Release|Any CPU
		{00589139-75CD-4593-A65E-C19D4EE31F3C}.Release|Any CPU.Build.0 = Release|Any CPU
		{6B215CE7-21B7-494B-AF3D-2A43B9F1CCD3}.Debug|Any CPU.ActiveCfg = Debug|Any CPU
		{6B215CE7-21B7-494B-AF3D-2A43B9F1CCD3}.Debug|Any CPU.Build.0 = Debug|Any CPU
		{6B215CE7-21B7-494B-AF3D-2A43B9F1CCD3}.Release|Any CPU.ActiveCfg = Release|Any CPU
		{6B215CE7-21B7-494B-AF3D-2A43B9F1CCD3}.Release|Any CPU.Build.0 = Release|Any CPU
	EndGlobalSection
	GlobalSection(SolutionProperties) = preSolution
		HideSolutionNode = FALSE
	EndGlobalSection
EndGlobal
